// !$*UTF8*$!
{
	archiveVersion = 1;
	classes = {
	};
	objectVersion = 50;
	objects = {

/* Begin PBXBuildFile section */
		2D5809E22083EA6E00AFA67B /* AppDelegate.swift in Sources */ = {isa = PBXBuildFile; fileRef = 2D5809E12083EA6E00AFA67B /* AppDelegate.swift */; };
		2D5809E42083EA6E00AFA67B /* ViewController.swift in Sources */ = {isa = PBXBuildFile; fileRef = 2D5809E32083EA6E00AFA67B /* ViewController.swift */; };
		2D5809E72083EA6E00AFA67B /* Main.storyboard in Resources */ = {isa = PBXBuildFile; fileRef = 2D5809E52083EA6E00AFA67B /* Main.storyboard */; };
		2D5809E92083EA7000AFA67B /* Assets.xcassets in Resources */ = {isa = PBXBuildFile; fileRef = 2D5809E82083EA7000AFA67B /* Assets.xcassets */; };
		2D5809EC2083EA7000AFA67B /* LaunchScreen.storyboard in Resources */ = {isa = PBXBuildFile; fileRef = 2D5809EA2083EA7000AFA67B /* LaunchScreen.storyboard */; };
		2D5809F72083EA7000AFA67B /* E2E_MessengerTests.swift in Sources */ = {isa = PBXBuildFile; fileRef = 2D5809F62083EA7000AFA67B /* E2E_MessengerTests.swift */; };
		2D580A022083EA7000AFA67B /* E2E_MessengerUITests.swift in Sources */ = {isa = PBXBuildFile; fileRef = 2D580A012083EA7000AFA67B /* E2E_MessengerUITests.swift */; };
/* End PBXBuildFile section */

/* Begin PBXContainerItemProxy section */
		2D5809F32083EA7000AFA67B /* PBXContainerItemProxy */ = {
			isa = PBXContainerItemProxy;
			containerPortal = 2D5809D62083EA6E00AFA67B /* Project object */;
			proxyType = 1;
			remoteGlobalIDString = 2D5809DD2083EA6E00AFA67B;
			remoteInfo = "E2E Messenger";
		};
		2D5809FE2083EA7000AFA67B /* PBXContainerItemProxy */ = {
			isa = PBXContainerItemProxy;
			containerPortal = 2D5809D62083EA6E00AFA67B /* Project object */;
			proxyType = 1;
			remoteGlobalIDString = 2D5809DD2083EA6E00AFA67B;
			remoteInfo = "E2E Messenger";
		};
/* End PBXContainerItemProxy section */

/* Begin PBXFileReference section */
		2D5809DE2083EA6E00AFA67B /* E2E Messenger.app */ = {isa = PBXFileReference; explicitFileType = wrapper.application; includeInIndex = 0; path = "E2E Messenger.app"; sourceTree = BUILT_PRODUCTS_DIR; };
		2D5809E12083EA6E00AFA67B /* AppDelegate.swift */ = {isa = PBXFileReference; lastKnownFileType = sourcecode.swift; path = AppDelegate.swift; sourceTree = "<group>"; };
		2D5809E32083EA6E00AFA67B /* ViewController.swift */ = {isa = PBXFileReference; lastKnownFileType = sourcecode.swift; path = ViewController.swift; sourceTree = "<group>"; };
		2D5809E62083EA6E00AFA67B /* Base */ = {isa = PBXFileReference; lastKnownFileType = file.storyboard; name = Base; path = Base.lproj/Main.storyboard; sourceTree = "<group>"; };
		2D5809E82083EA7000AFA67B /* Assets.xcassets */ = {isa = PBXFileReference; lastKnownFileType = folder.assetcatalog; path = Assets.xcassets; sourceTree = "<group>"; };
		2D5809EB2083EA7000AFA67B /* Base */ = {isa = PBXFileReference; lastKnownFileType = file.storyboard; name = Base; path = Base.lproj/LaunchScreen.storyboard; sourceTree = "<group>"; };
		2D5809ED2083EA7000AFA67B /* Info.plist */ = {isa = PBXFileReference; lastKnownFileType = text.plist.xml; path = Info.plist; sourceTree = "<group>"; };
		2D5809F22083EA7000AFA67B /* E2E MessengerTests.xctest */ = {isa = PBXFileReference; explicitFileType = wrapper.cfbundle; includeInIndex = 0; path = "E2E MessengerTests.xctest"; sourceTree = BUILT_PRODUCTS_DIR; };
		2D5809F62083EA7000AFA67B /* E2E_MessengerTests.swift */ = {isa = PBXFileReference; lastKnownFileType = sourcecode.swift; path = E2E_MessengerTests.swift; sourceTree = "<group>"; };
		2D5809F82083EA7000AFA67B /* Info.plist */ = {isa = PBXFileReference; lastKnownFileType = text.plist.xml; path = Info.plist; sourceTree = "<group>"; };
		2D5809FD2083EA7000AFA67B /* E2E MessengerUITests.xctest */ = {isa = PBXFileReference; explicitFileType = wrapper.cfbundle; includeInIndex = 0; path = "E2E MessengerUITests.xctest"; sourceTree = BUILT_PRODUCTS_DIR; };
		2D580A012083EA7000AFA67B /* E2E_MessengerUITests.swift */ = {isa = PBXFileReference; lastKnownFileType = sourcecode.swift; path = E2E_MessengerUITests.swift; sourceTree = "<group>"; };
		2D580A032083EA7000AFA67B /* Info.plist */ = {isa = PBXFileReference; lastKnownFileType = text.plist.xml; path = Info.plist; sourceTree = "<group>"; };
/* End PBXFileReference section */

/* Begin PBXFrameworksBuildPhase section */
		2D5809DB2083EA6E00AFA67B /* Frameworks */ = {
			isa = PBXFrameworksBuildPhase;
			buildActionMask = 2147483647;
			files = (
			);
			runOnlyForDeploymentPostprocessing = 0;
		};
		2D5809EF2083EA7000AFA67B /* Frameworks */ = {
			isa = PBXFrameworksBuildPhase;
			buildActionMask = 2147483647;
			files = (
			);
			runOnlyForDeploymentPostprocessing = 0;
		};
		2D5809FA2083EA7000AFA67B /* Frameworks */ = {
			isa = PBXFrameworksBuildPhase;
			buildActionMask = 2147483647;
			files = (
			);
			runOnlyForDeploymentPostprocessing = 0;
		};
/* End PBXFrameworksBuildPhase section */

/* Begin PBXGroup section */
		2D5809D52083EA6E00AFA67B = {
			isa = PBXGroup;
			children = (
				2D5809E02083EA6E00AFA67B /* E2E Messenger */,
				2D5809F52083EA7000AFA67B /* E2E MessengerTests */,
				2D580A002083EA7000AFA67B /* E2E MessengerUITests */,
				2D5809DF2083EA6E00AFA67B /* Products */,
			);
			sourceTree = "<group>";
		};
		2D5809DF2083EA6E00AFA67B /* Products */ = {
			isa = PBXGroup;
			children = (
				2D5809DE2083EA6E00AFA67B /* E2E Messenger.app */,
				2D5809F22083EA7000AFA67B /* E2E MessengerTests.xctest */,
				2D5809FD2083EA7000AFA67B /* E2E MessengerUITests.xctest */,
			);
			name = Products;
			sourceTree = "<group>";
		};
		2D5809E02083EA6E00AFA67B /* E2E Messenger */ = {
			isa = PBXGroup;
			children = (
				2D5809E12083EA6E00AFA67B /* AppDelegate.swift */,
				2D5809E32083EA6E00AFA67B /* ViewController.swift */,
				2D5809E52083EA6E00AFA67B /* Main.storyboard */,
				2D5809E82083EA7000AFA67B /* Assets.xcassets */,
				2D5809EA2083EA7000AFA67B /* LaunchScreen.storyboard */,
				2D5809ED2083EA7000AFA67B /* Info.plist */,
			);
			path = "E2E Messenger";
			sourceTree = "<group>";
		};
		2D5809F52083EA7000AFA67B /* E2E MessengerTests */ = {
			isa = PBXGroup;
			children = (
				2D5809F62083EA7000AFA67B /* E2E_MessengerTests.swift */,
				2D5809F82083EA7000AFA67B /* Info.plist */,
			);
			path = "E2E MessengerTests";
			sourceTree = "<group>";
		};
		2D580A002083EA7000AFA67B /* E2E MessengerUITests */ = {
			isa = PBXGroup;
			children = (
				2D580A012083EA7000AFA67B /* E2E_MessengerUITests.swift */,
				2D580A032083EA7000AFA67B /* Info.plist */,
			);
			path = "E2E MessengerUITests";
			sourceTree = "<group>";
		};
/* End PBXGroup section */

/* Begin PBXNativeTarget section */
		2D5809DD2083EA6E00AFA67B /* E2E Messenger */ = {
			isa = PBXNativeTarget;
			buildConfigurationList = 2D580A062083EA7000AFA67B /* Build configuration list for PBXNativeTarget "E2E Messenger" */;
			buildPhases = (
				2D5809DA2083EA6E00AFA67B /* Sources */,
				2D5809DB2083EA6E00AFA67B /* Frameworks */,
				2D5809DC2083EA6E00AFA67B /* Resources */,
			);
			buildRules = (
			);
			dependencies = (
			);
			name = "E2E Messenger";
			productName = "E2E Messenger";
			productReference = 2D5809DE2083EA6E00AFA67B /* E2E Messenger.app */;
			productType = "com.apple.product-type.application";
		};
		2D5809F12083EA7000AFA67B /* E2E MessengerTests */ = {
			isa = PBXNativeTarget;
			buildConfigurationList = 2D580A092083EA7000AFA67B /* Build configuration list for PBXNativeTarget "E2E MessengerTests" */;
			buildPhases = (
				2D5809EE2083EA7000AFA67B /* Sources */,
				2D5809EF2083EA7000AFA67B /* Frameworks */,
				2D5809F02083EA7000AFA67B /* Resources */,
			);
			buildRules = (
			);
			dependencies = (
				2D5809F42083EA7000AFA67B /* PBXTargetDependency */,
			);
			name = "E2E MessengerTests";
			productName = "E2E MessengerTests";
			productReference = 2D5809F22083EA7000AFA67B /* E2E MessengerTests.xctest */;
			productType = "com.apple.product-type.bundle.unit-test";
		};
		2D5809FC2083EA7000AFA67B /* E2E MessengerUITests */ = {
			isa = PBXNativeTarget;
			buildConfigurationList = 2D580A0C2083EA7000AFA67B /* Build configuration list for PBXNativeTarget "E2E MessengerUITests" */;
			buildPhases = (
				2D5809F92083EA7000AFA67B /* Sources */,
				2D5809FA2083EA7000AFA67B /* Frameworks */,
				2D5809FB2083EA7000AFA67B /* Resources */,
			);
			buildRules = (
			);
			dependencies = (
				2D5809FF2083EA7000AFA67B /* PBXTargetDependency */,
			);
			name = "E2E MessengerUITests";
			productName = "E2E MessengerUITests";
			productReference = 2D5809FD2083EA7000AFA67B /* E2E MessengerUITests.xctest */;
			productType = "com.apple.product-type.bundle.ui-testing";
		};
/* End PBXNativeTarget section */

/* Begin PBXProject section */
		2D5809D62083EA6E00AFA67B /* Project object */ = {
			isa = PBXProject;
			attributes = {
				LastSwiftUpdateCheck = 0930;
				LastUpgradeCheck = 0930;
				ORGANIZATIONNAME = "The University of Iowa";
				TargetAttributes = {
					2D5809DD2083EA6E00AFA67B = {
						CreatedOnToolsVersion = 9.3;
					};
					2D5809F12083EA7000AFA67B = {
						CreatedOnToolsVersion = 9.3;
						TestTargetID = 2D5809DD2083EA6E00AFA67B;
					};
					2D5809FC2083EA7000AFA67B = {
						CreatedOnToolsVersion = 9.3;
						TestTargetID = 2D5809DD2083EA6E00AFA67B;
					};
				};
			};
			buildConfigurationList = 2D5809D92083EA6E00AFA67B /* Build configuration list for PBXProject "E2E Messenger" */;
			compatibilityVersion = "Xcode 9.3";
			developmentRegion = en;
			hasScannedForEncodings = 0;
			knownRegions = (
				en,
				Base,
			);
			mainGroup = 2D5809D52083EA6E00AFA67B;
			productRefGroup = 2D5809DF2083EA6E00AFA67B /* Products */;
			projectDirPath = "";
			projectRoot = "";
			targets = (
				2D5809DD2083EA6E00AFA67B /* E2E Messenger */,
				2D5809F12083EA7000AFA67B /* E2E MessengerTests */,
				2D5809FC2083EA7000AFA67B /* E2E MessengerUITests */,
			);
		};
/* End PBXProject section */

/* Begin PBXResourcesBuildPhase section */
		2D5809DC2083EA6E00AFA67B /* Resources */ = {
			isa = PBXResourcesBuildPhase;
			buildActionMask = 2147483647;
			files = (
				2D5809EC2083EA7000AFA67B /* LaunchScreen.storyboard in Resources */,
				2D5809E92083EA7000AFA67B /* Assets.xcassets in Resources */,
				2D5809E72083EA6E00AFA67B /* Main.storyboard in Resources */,
			);
			runOnlyForDeploymentPostprocessing = 0;
		};
		2D5809F02083EA7000AFA67B /* Resources */ = {
			isa = PBXResourcesBuildPhase;
			buildActionMask = 2147483647;
			files = (
			);
			runOnlyForDeploymentPostprocessing = 0;
		};
		2D5809FB2083EA7000AFA67B /* Resources */ = {
			isa = PBXResourcesBuildPhase;
			buildActionMask = 2147483647;
			files = (
			);
			runOnlyForDeploymentPostprocessing = 0;
		};
/* End PBXResourcesBuildPhase section */

/* Begin PBXSourcesBuildPhase section */
		2D5809DA2083EA6E00AFA67B /* Sources */ = {
			isa = PBXSourcesBuildPhase;
			buildActionMask = 2147483647;
			files = (
				2D5809E42083EA6E00AFA67B /* ViewController.swift in Sources */,
				2D5809E22083EA6E00AFA67B /* AppDelegate.swift in Sources */,
			);
			runOnlyForDeploymentPostprocessing = 0;
		};
		2D5809EE2083EA7000AFA67B /* Sources */ = {
			isa = PBXSourcesBuildPhase;
			buildActionMask = 2147483647;
			files = (
				2D5809F72083EA7000AFA67B /* E2E_MessengerTests.swift in Sources */,
			);
			runOnlyForDeploymentPostprocessing = 0;
		};
		2D5809F92083EA7000AFA67B /* Sources */ = {
			isa = PBXSourcesBuildPhase;
			buildActionMask = 2147483647;
			files = (
				2D580A022083EA7000AFA67B /* E2E_MessengerUITests.swift in Sources */,
			);
			runOnlyForDeploymentPostprocessing = 0;
		};
/* End PBXSourcesBuildPhase section */

/* Begin PBXTargetDependency section */
		2D5809F42083EA7000AFA67B /* PBXTargetDependency */ = {
			isa = PBXTargetDependency;
			target = 2D5809DD2083EA6E00AFA67B /* E2E Messenger */;
			targetProxy = 2D5809F32083EA7000AFA67B /* PBXContainerItemProxy */;
		};
		2D5809FF2083EA7000AFA67B /* PBXTargetDependency */ = {
			isa = PBXTargetDependency;
			target = 2D5809DD2083EA6E00AFA67B /* E2E Messenger */;
			targetProxy = 2D5809FE2083EA7000AFA67B /* PBXContainerItemProxy */;
		};
/* End PBXTargetDependency section */

/* Begin PBXVariantGroup section */
		2D5809E52083EA6E00AFA67B /* Main.storyboard */ = {
			isa = PBXVariantGroup;
			children = (
				2D5809E62083EA6E00AFA67B /* Base */,
			);
			name = Main.storyboard;
			sourceTree = "<group>";
		};
		2D5809EA2083EA7000AFA67B /* LaunchScreen.storyboard */ = {
			isa = PBXVariantGroup;
			children = (
				2D5809EB2083EA7000AFA67B /* Base */,
			);
			name = LaunchScreen.storyboard;
			sourceTree = "<group>";
		};
/* End PBXVariantGroup section */

/* Begin XCBuildConfiguration section */
		2D580A042083EA7000AFA67B /* Debug */ = {
			isa = XCBuildConfiguration;
			buildSettings = {
				ALWAYS_SEARCH_USER_PATHS = NO;
				CLANG_ANALYZER_NONNULL = YES;
				CLANG_ANALYZER_NUMBER_OBJECT_CONVERSION = YES_AGGRESSIVE;
				CLANG_CXX_LANGUAGE_STANDARD = "gnu++14";
				CLANG_CXX_LIBRARY = "libc++";
				CLANG_ENABLE_MODULES = YES;
				CLANG_ENABLE_OBJC_ARC = YES;
				CLANG_ENABLE_OBJC_WEAK = YES;
				CLANG_WARN_BLOCK_CAPTURE_AUTORELEASING = YES;
				CLANG_WARN_BOOL_CONVERSION = YES;
				CLANG_WARN_COMMA = YES;
				CLANG_WARN_CONSTANT_CONVERSION = YES;
				CLANG_WARN_DEPRECATED_OBJC_IMPLEMENTATIONS = YES;
				CLANG_WARN_DIRECT_OBJC_ISA_USAGE = YES_ERROR;
				CLANG_WARN_DOCUMENTATION_COMMENTS = YES;
				CLANG_WARN_EMPTY_BODY = YES;
				CLANG_WARN_ENUM_CONVERSION = YES;
				CLANG_WARN_INFINITE_RECURSION = YES;
				CLANG_WARN_INT_CONVERSION = YES;
				CLANG_WARN_NON_LITERAL_NULL_CONVERSION = YES;
				CLANG_WARN_OBJC_IMPLICIT_RETAIN_SELF = YES;
				CLANG_WARN_OBJC_LITERAL_CONVERSION = YES;
				CLANG_WARN_OBJC_ROOT_CLASS = YES_ERROR;
				CLANG_WARN_RANGE_LOOP_ANALYSIS = YES;
				CLANG_WARN_STRICT_PROTOTYPES = YES;
				CLANG_WARN_SUSPICIOUS_MOVE = YES;
				CLANG_WARN_UNGUARDED_AVAILABILITY = YES_AGGRESSIVE;
				CLANG_WARN_UNREACHABLE_CODE = YES;
				CLANG_WARN__DUPLICATE_METHOD_MATCH = YES;
				CODE_SIGN_IDENTITY = "iPhone Developer";
				COPY_PHASE_STRIP = NO;
				DEBUG_INFORMATION_FORMAT = dwarf;
				ENABLE_STRICT_OBJC_MSGSEND = YES;
				ENABLE_TESTABILITY = YES;
				GCC_C_LANGUAGE_STANDARD = gnu11;
				GCC_DYNAMIC_NO_PIC = NO;
				GCC_NO_COMMON_BLOCKS = YES;
				GCC_OPTIMIZATION_LEVEL = 0;
				GCC_PREPROCESSOR_DEFINITIONS = (
					"DEBUG=1",
					"$(inherited)",
				);
				GCC_WARN_64_TO_32_BIT_CONVERSION = YES;
				GCC_WARN_ABOUT_RETURN_TYPE = YES_ERROR;
				GCC_WARN_UNDECLARED_SELECTOR = YES;
				GCC_WARN_UNINITIALIZED_AUTOS = YES_AGGRESSIVE;
				GCC_WARN_UNUSED_FUNCTION = YES;
				GCC_WARN_UNUSED_VARIABLE = YES;
				IPHONEOS_DEPLOYMENT_TARGET = 11.3;
				MTL_ENABLE_DEBUG_INFO = YES;
				ONLY_ACTIVE_ARCH = YES;
				SDKROOT = iphoneos;
				SWIFT_ACTIVE_COMPILATION_CONDITIONS = DEBUG;
				SWIFT_OPTIMIZATION_LEVEL = "-Onone";
			};
			name = Debug;
		};
		2D580A052083EA7000AFA67B /* Release */ = {
			isa = XCBuildConfiguration;
			buildSettings = {
				ALWAYS_SEARCH_USER_PATHS = NO;
				CLANG_ANALYZER_NONNULL = YES;
				CLANG_ANALYZER_NUMBER_OBJECT_CONVERSION = YES_AGGRESSIVE;
				CLANG_CXX_LANGUAGE_STANDARD = "gnu++14";
				CLANG_CXX_LIBRARY = "libc++";
				CLANG_ENABLE_MODULES = YES;
				CLANG_ENABLE_OBJC_ARC = YES;
				CLANG_ENABLE_OBJC_WEAK = YES;
				CLANG_WARN_BLOCK_CAPTURE_AUTORELEASING = YES;
				CLANG_WARN_BOOL_CONVERSION = YES;
				CLANG_WARN_COMMA = YES;
				CLANG_WARN_CONSTANT_CONVERSION = YES;
				CLANG_WARN_DEPRECATED_OBJC_IMPLEMENTATIONS = YES;
				CLANG_WARN_DIRECT_OBJC_ISA_USAGE = YES_ERROR;
				CLANG_WARN_DOCUMENTATION_COMMENTS = YES;
				CLANG_WARN_EMPTY_BODY = YES;
				CLANG_WARN_ENUM_CONVERSION = YES;
				CLANG_WARN_INFINITE_RECURSION = YES;
				CLANG_WARN_INT_CONVERSION = YES;
				CLANG_WARN_NON_LITERAL_NULL_CONVERSION = YES;
				CLANG_WARN_OBJC_IMPLICIT_RETAIN_SELF = YES;
				CLANG_WARN_OBJC_LITERAL_CONVERSION = YES;
				CLANG_WARN_OBJC_ROOT_CLASS = YES_ERROR;
				CLANG_WARN_RANGE_LOOP_ANALYSIS = YES;
				CLANG_WARN_STRICT_PROTOTYPES = YES;
				CLANG_WARN_SUSPICIOUS_MOVE = YES;
				CLANG_WARN_UNGUARDED_AVAILABILITY = YES_AGGRESSIVE;
				CLANG_WARN_UNREACHABLE_CODE = YES;
				CLANG_WARN__DUPLICATE_METHOD_MATCH = YES;
				CODE_SIGN_IDENTITY = "iPhone Developer";
				COPY_PHASE_STRIP = NO;
				DEBUG_INFORMATION_FORMAT = "dwarf-with-dsym";
				ENABLE_NS_ASSERTIONS = NO;
				ENABLE_STRICT_OBJC_MSGSEND = YES;
				GCC_C_LANGUAGE_STANDARD = gnu11;
				GCC_NO_COMMON_BLOCKS = YES;
				GCC_WARN_64_TO_32_BIT_CONVERSION = YES;
				GCC_WARN_ABOUT_RETURN_TYPE = YES_ERROR;
				GCC_WARN_UNDECLARED_SELECTOR = YES;
				GCC_WARN_UNINITIALIZED_AUTOS = YES_AGGRESSIVE;
				GCC_WARN_UNUSED_FUNCTION = YES;
				GCC_WARN_UNUSED_VARIABLE = YES;
				IPHONEOS_DEPLOYMENT_TARGET = 11.3;
				MTL_ENABLE_DEBUG_INFO = NO;
				SDKROOT = iphoneos;
				SWIFT_COMPILATION_MODE = wholemodule;
				SWIFT_OPTIMIZATION_LEVEL = "-O";
				VALIDATE_PRODUCT = YES;
			};
			name = Release;
		};
		2D580A072083EA7000AFA67B /* Debug */ = {
			isa = XCBuildConfiguration;
			buildSettings = {
				ASSETCATALOG_COMPILER_APPICON_NAME = AppIcon;
				CODE_SIGN_STYLE = Automatic;
				DEVELOPMENT_TEAM = 625732G463;
				INFOPLIST_FILE = "E2E Messenger/Info.plist";
				LD_RUNPATH_SEARCH_PATHS = (
					"$(inherited)",
					"@executable_path/Frameworks",
				);
				PRODUCT_BUNDLE_IDENTIFIER = "edu.uiowa.E2E-Messenger";
				PRODUCT_NAME = "$(TARGET_NAME)";
				SWIFT_VERSION = 4.0;
				TARGETED_DEVICE_FAMILY = "1,2";
			};
			name = Debug;
		};
		2D580A082083EA7000AFA67B /* Release */ = {
			isa = XCBuildConfiguration;
			buildSettings = {
				ASSETCATALOG_COMPILER_APPICON_NAME = AppIcon;
				CODE_SIGN_STYLE = Automatic;
				DEVELOPMENT_TEAM = 625732G463;
				INFOPLIST_FILE = "E2E Messenger/Info.plist";
				LD_RUNPATH_SEARCH_PATHS = (
					"$(inherited)",
					"@executable_path/Frameworks",
				);
				PRODUCT_BUNDLE_IDENTIFIER = "edu.uiowa.E2E-Messenger";
				PRODUCT_NAME = "$(TARGET_NAME)";
				SWIFT_VERSION = 4.0;
				TARGETED_DEVICE_FAMILY = "1,2";
			};
			name = Release;
		};
		2D580A0A2083EA7000AFA67B /* Debug */ = {
			isa = XCBuildConfiguration;
			buildSettings = {
				ALWAYS_EMBED_SWIFT_STANDARD_LIBRARIES = YES;
				BUNDLE_LOADER = "$(TEST_HOST)";
				CODE_SIGN_STYLE = Automatic;
				DEVELOPMENT_TEAM = 625732G463;
				INFOPLIST_FILE = "E2E MessengerTests/Info.plist";
				LD_RUNPATH_SEARCH_PATHS = (
					"$(inherited)",
					"@executable_path/Frameworks",
					"@loader_path/Frameworks",
				);
				PRODUCT_BUNDLE_IDENTIFIER = "edu.uiowa.E2E-MessengerTests";
				PRODUCT_NAME = "$(TARGET_NAME)";
				SWIFT_VERSION = 4.0;
				TARGETED_DEVICE_FAMILY = "1,2";
				TEST_HOST = "$(BUILT_PRODUCTS_DIR)/E2E Messenger.app/E2E Messenger";
			};
			name = Debug;
		};
		2D580A0B2083EA7000AFA67B /* Release */ = {
			isa = XCBuildConfiguration;
			buildSettings = {
				ALWAYS_EMBED_SWIFT_STANDARD_LIBRARIES = YES;
				BUNDLE_LOADER = "$(TEST_HOST)";
				CODE_SIGN_STYLE = Automatic;
				DEVELOPMENT_TEAM = 625732G463;
				INFOPLIST_FILE = "E2E MessengerTests/Info.plist";
				LD_RUNPATH_SEARCH_PATHS = (
					"$(inherited)",
					"@executable_path/Frameworks",
					"@loader_path/Frameworks",
				);
				PRODUCT_BUNDLE_IDENTIFIER = "edu.uiowa.E2E-MessengerTests";
				PRODUCT_NAME = "$(TARGET_NAME)";
				SWIFT_VERSION = 4.0;
				TARGETED_DEVICE_FAMILY = "1,2";
				TEST_HOST = "$(BUILT_PRODUCTS_DIR)/E2E Messenger.app/E2E Messenger";
			};
			name = Release;
		};
		2D580A0D2083EA7000AFA67B /* Debug */ = {
			isa = XCBuildConfiguration;
			buildSettings = {
				ALWAYS_EMBED_SWIFT_STANDARD_LIBRARIES = YES;
				CODE_SIGN_STYLE = Automatic;
				DEVELOPMENT_TEAM = 625732G463;
				INFOPLIST_FILE = "E2E MessengerUITests/Info.plist";
				LD_RUNPATH_SEARCH_PATHS = (
					"$(inherited)",
					"@executable_path/Frameworks",
					"@loader_path/Frameworks",
				);
				PRODUCT_BUNDLE_IDENTIFIER = "edu.uiowa.E2E-MessengerUITests";
				PRODUCT_NAME = "$(TARGET_NAME)";
				SWIFT_VERSION = 4.0;
				TARGETED_DEVICE_FAMILY = "1,2";
				TEST_TARGET_NAME = "E2E Messenger";
			};
			name = Debug;
		};
		2D580A0E2083EA7000AFA67B /* Release */ = {
			isa = XCBuildConfiguration;
			buildSettings = {
				ALWAYS_EMBED_SWIFT_STANDARD_LIBRARIES = YES;
				CODE_SIGN_STYLE = Automatic;
				DEVELOPMENT_TEAM = 625732G463;
				INFOPLIST_FILE = "E2E MessengerUITests/Info.plist";
				LD_RUNPATH_SEARCH_PATHS = (
					"$(inherited)",
					"@executable_path/Frameworks",
					"@loader_path/Frameworks",
				);
				PRODUCT_BUNDLE_IDENTIFIER = "edu.uiowa.E2E-MessengerUITests";
				PRODUCT_NAME = "$(TARGET_NAME)";
				SWIFT_VERSION = 4.0;
				TARGETED_DEVICE_FAMILY = "1,2";
				TEST_TARGET_NAME = "E2E Messenger";
			};
			name = Release;
		};
/* End XCBuildConfiguration section */

/* Begin XCConfigurationList section */
		2D5809D92083EA6E00AFA67B /* Build configuration list for PBXProject "E2E Messenger" */ = {
			isa = XCConfigurationList;
			buildConfigurations = (
				2D580A042083EA7000AFA67B /* Debug */,
				2D580A052083EA7000AFA67B /* Release */,
			);
			defaultConfigurationIsVisible = 0;
			defaultConfigurationName = Release;
		};
		2D580A062083EA7000AFA67B /* Build configuration list for PBXNativeTarget "E2E Messenger" */ = {
			isa = XCConfigurationList;
			buildConfigurations = (
				2D580A072083EA7000AFA67B /* Debug */,
				2D580A082083EA7000AFA67B /* Release */,
			);
			defaultConfigurationIsVisible = 0;
			defaultConfigurationName = Release;
		};
		2D580A092083EA7000AFA67B /* Build configuration list for PBXNativeTarget "E2E MessengerTests" */ = {
			isa = XCConfigurationList;
			buildConfigurations = (
				2D580A0A2083EA7000AFA67B /* Debug */,
				2D580A0B2083EA7000AFA67B /* Release */,
			);
			defaultConfigurationIsVisible = 0;
			defaultConfigurationName = Release;
		};
		2D580A0C2083EA7000AFA67B /* Build configuration list for PBXNativeTarget "E2E MessengerUITests" */ = {
			isa = XCConfigurationList;
			buildConfigurations = (
				2D580A0D2083EA7000AFA67B /* Debug */,
				2D580A0E2083EA7000AFA67B /* Release */,
			);
			defaultConfigurationIsVisible = 0;
			defaultConfigurationName = Release;
		};
/* End XCConfigurationList section */
	};
	rootObject = 2D5809D62083EA6E00AFA67B /* Project object */;
}
